# This file is automatically @generated by Poetry 1.6.1 and should not be changed by hand.

[[package]]
name = "six"
version = "1.17.0"
description = "Python 2 and 3 compatibility utilities"
optional = false
python-versions = "!=3.0.*,!=3.1.*,!=3.2.*,>=2.7"
files = [
    {file = "six-1.17.0-py2.py3-none-any.whl", hash = "sha256:4721f391ed90541fddacab5acf947aa0d3dc7d27b2e1e8eda2be8970586c3274"},
    {file = "six-1.17.0.tar.gz", hash = "sha256:ff70335d468e7eb6ec65b95b99d3a2836546063f63acc5171de367e834932a81"},
]

[[package]]
name = "treelib"
version = "1.7.1"
description = "A Python implementation of tree structure."
optional = false
python-versions = "*"
files = [
    {file = "treelib-1.7.1-py3-none-any.whl", hash = "sha256:69aa12559c603273c77580cc86089021756654a754a7c674038de20f9daeafde"},
    {file = "treelib-1.7.1.tar.gz", hash = "sha256:a2b57ba38290f7da6af97b41de8ff7be98e7a8c00815f95d0782241f77503952"},
]

[package.dependencies]
six = "*"

[metadata]
lock-version = "2.0"
python-versions = "^3.11"
content-hash = "69ee8427e954effe099479f22405e5090f5f420ece18e6fd96a45a4558cfb176"
